
Microsoft Visual Studio Solution File, Format Version 12.00
# Visual Studio 15
VisualStudioVersion = 15.0.26124.0
MinimumVisualStudioVersion = 15.0.26124.0
Project("{FAE04EC0-301F-11D3-BF4B-00C04F79EFBC}") = "PaymentContext.Domain", "PaymentContext.Domain\PaymentContext.Domain.csproj", "{97776B95-B66A-4745-AE2D-6B576C2C7402}"
EndProject
Project("{FAE04EC0-301F-11D3-BF4B-00C04F79EFBC}") = "PaymentContext.Shared", "PaymentContext.Shared\PaymentContext.Shared.csproj", "{22C29562-3E35-4384-BEC6-69DD80AA3048}"
EndProject
Project("{FAE04EC0-301F-11D3-BF4B-00C04F79EFBC}") = "PaymentContext.Tests", "PaymentContext.Tests\PaymentContext.Tests.csproj", "{0446396B-36A7-4735-9C17-1F01F7A421CD}"
EndProject
Global
	GlobalSection(SolutionConfigurationPlatforms) = preSolution
		Debug|Any CPU = Debug|Any CPU
		Debug|x64 = Debug|x64
		Debug|x86 = Debug|x86
		Release|Any CPU = Release|Any CPU
		Release|x64 = Release|x64
		Release|x86 = Release|x86
	EndGlobalSection
	GlobalSection(SolutionProperties) = preSolution
		HideSolutionNode = FALSE
	EndGlobalSection
	GlobalSection(ProjectConfigurationPlatforms) = postSolution
		{97776B95-B66A-4745-AE2D-6B576C2C7402}.Debug|Any CPU.ActiveCfg = Debug|Any CPU
		{97776B95-B66A-4745-AE2D-6B576C2C7402}.Debug|Any CPU.Build.0 = Debug|Any CPU
		{97776B95-B66A-4745-AE2D-6B576C2C7402}.Debug|x64.ActiveCfg = Debug|Any CPU
		{97776B95-B66A-4745-AE2D-6B576C2C7402}.Debug|x64.Build.0 = Debug|Any CPU
		{97776B95-B66A-4745-AE2D-6B576C2C7402}.Debug|x86.ActiveCfg = Debug|Any CPU
		{97776B95-B66A-4745-AE2D-6B576C2C7402}.Debug|x86.Build.0 = Debug|Any CPU
		{97776B95-B66A-4745-AE2D-6B576C2C7402}.Release|Any CPU.ActiveCfg = Release|Any CPU
		{97776B95-B66A-4745-AE2D-6B576C2C7402}.Release|Any CPU.Build.0 = Release|Any CPU
		{97776B95-B66A-4745-AE2D-6B576C2C7402}.Release|x64.ActiveCfg = Release|Any CPU
		{97776B95-B66A-4745-AE2D-6B576C2C7402}.Release|x64.Build.0 = Release|Any CPU
		{97776B95-B66A-4745-AE2D-6B576C2C7402}.Release|x86.ActiveCfg = Release|Any CPU
		{97776B95-B66A-4745-AE2D-6B576C2C7402}.Release|x86.Build.0 = Release|Any CPU
		{22C29562-3E35-4384-BEC6-69DD80AA3048}.Debug|Any CPU.ActiveCfg = Debug|Any CPU
		{22C29562-3E35-4384-BEC6-69DD80AA3048}.Debug|Any CPU.Build.0 = Debug|Any CPU
		{22C29562-3E35-4384-BEC6-69DD80AA3048}.Debug|x64.ActiveCfg = Debug|Any CPU
		{22C29562-3E35-4384-BEC6-69DD80AA3048}.Debug|x64.Build.0 = Debug|Any CPU
		{22C29562-3E35-4384-BEC6-69DD80AA3048}.Debug|x86.ActiveCfg = Debug|Any CPU
		{22C29562-3E35-4384-BEC6-69DD80AA3048}.Debug|x86.Build.0 = Debug|Any CPU
		{22C29562-3E35-4384-BEC6-69DD80AA3048}.Release|Any CPU.ActiveCfg = Release|Any CPU
		{22C29562-3E35-4384-BEC6-69DD80AA3048}.Release|Any CPU.Build.0 = Release|Any CPU
		{22C29562-3E35-4384-BEC6-69DD80AA3048}.Release|x64.ActiveCfg = Release|Any CPU
		{22C29562-3E35-4384-BEC6-69DD80AA3048}.Release|x64.Build.0 = Release|Any CPU
		{22C29562-3E35-4384-BEC6-69DD80AA3048}.Release|x86.ActiveCfg = Release|Any CPU
		{22C29562-3E35-4384-BEC6-69DD80AA3048}.Release|x86.Build.0 = Release|Any CPU
		{0446396B-36A7-4735-9C17-1F01F7A421CD}.Debug|Any CPU.ActiveCfg = Debug|Any CPU
		{0446396B-36A7-4735-9C17-1F01F7A421CD}.Debug|Any CPU.Build.0 = Debug|Any CPU
		{0446396B-36A7-4735-9C17-1F01F7A421CD}.Debug|x64.ActiveCfg = Debug|Any CPU
		{0446396B-36A7-4735-9C17-1F01F7A421CD}.Debug|x64.Build.0 = Debug|Any CPU
		{0446396B-36A7-4735-9C17-1F01F7A421CD}.Debug|x86.ActiveCfg = Debug|Any CPU
		{0446396B-36A7-4735-9C17-1F01F7A421CD}.Debug|x86.Build.0 = Debug|Any CPU
		{0446396B-36A7-4735-9C17-1F01F7A421CD}.Release|Any CPU.ActiveCfg = Release|Any CPU
		{0446396B-36A7-4735-9C17-1F01F7A421CD}.Release|Any CPU.Build.0 = Release|Any CPU
		{0446396B-36A7-4735-9C17-1F01F7A421CD}.Release|x64.ActiveCfg = Release|Any CPU
		{0446396B-36A7-4735-9C17-1F01F7A421CD}.Release|x64.Build.0 = Release|Any CPU
		{0446396B-36A7-4735-9C17-1F01F7A421CD}.Release|x86.ActiveCfg = Release|Any CPU
		{0446396B-36A7-4735-9C17-1F01F7A421CD}.Release|x86.Build.0 = Release|Any CPU
	EndGlobalSection
EndGlobal
